
Microsoft Visual Studio Solution File, Format Version 12.00
# Visual Studio Version 17
VisualStudioVersion = 17.0.32112.339
MinimumVisualStudioVersion = 10.0.40219.1
Project("{FAE04EC0-301F-11D3-BF4B-00C04F79EFBC}") = "StudyFiles", "StudyFiles\StudyFiles.csproj", "{6C71A688-9BEE-4228-825D-DCBCAF4F7767}"
EndProject
Global
	GlobalSection(SolutionConfigurationPlatforms) = preSolution
		Debug|Any CPU = Debug|Any CPU
		Release|Any CPU = Release|Any CPU
	EndGlobalSection
	GlobalSection(ProjectConfigurationPlatforms) = postSolution
		{6C71A688-9BEE-4228-825D-DCBCAF4F7767}.Debug|Any CPU.ActiveCfg = Debug|Any CPU
		{6C71A688-9BEE-4228-825D-DCBCAF4F7767}.Debug|Any CPU.Build.0 = Debug|Any CPU
		{6C71A688-9BEE-4228-825D-DCBCAF4F7767}.Release|Any CPU.ActiveCfg = Release|Any CPU
		{6C71A688-9BEE-4228-825D-DCBCAF4F7767}.Release|Any CPU.Build.0 = Release|Any CPU
	EndGlobalSection
	GlobalSection(SolutionProperties) = preSolution
		HideSolutionNode = FALSE
	EndGlobalSection
	GlobalSection(ExtensibilityGlobals) = postSolution
		SolutionGuid = {9DF6FF87-A0EB-4F5D-8641-FA39EFF6156D}
	EndGlobalSection
EndGlobal
